
Microsoft Visual Studio Solution File, Format Version 12.00
# Visual Studio 15
VisualStudioVersion = 15.0.25914.0
MinimumVisualStudioVersion = 10.0.40219.1
Project("{8BC9CEB8-8B4A-11D0-8D11-00A0C91BC942}") = "Visitor", "Visitor\Visitor.vcxproj", "{1425B434-1735-4F55-B56D-3AFD4D7739F3}"
EndProject
Project("{8BC9CEB8-8B4A-11D0-8D11-00A0C91BC942}") = "AbstractFactory", "AbstractFactory\AbstractFactory.vcxproj", "{6FD11046-9DFB-4687-A545-864FCEA56E05}"
EndProject
Project("{8BC9CEB8-8B4A-11D0-8D11-00A0C91BC942}") = "Builder", "Builder\Builder.vcxproj", "{15B28100-5718-4C64-A377-5D53E0F6114E}"
EndProject
Project("{8BC9CEB8-8B4A-11D0-8D11-00A0C91BC942}") = "FactoryMethod", "FactoryMethod\FactoryMethod.vcxproj", "{0389C066-9FB2-4E2C-8654-196CA24D2F12}"
EndProject
Project("{8BC9CEB8-8B4A-11D0-8D11-00A0C91BC942}") = "Prototype", "Prototype\Prototype.vcxproj", "{864BC1A3-5E8A-4C5E-B81D-471AEA1F2290}"
EndProject
Project("{8BC9CEB8-8B4A-11D0-8D11-00A0C91BC942}") = "Singleton", "Singleton\Singleton.vcxproj", "{28823FFA-8429-4EC0-AC06-D79E2822240C}"
EndProject
Project("{8BC9CEB8-8B4A-11D0-8D11-00A0C91BC942}") = "Adapter", "Adapter\Adapter.vcxproj", "{4DDD87CC-FCD5-42BF-AE8D-853A26ABD85E}"
EndProject
Project("{8BC9CEB8-8B4A-11D0-8D11-00A0C91BC942}") = "Bridge", "Bridge\Bridge.vcxproj", "{4310EF37-B867-4947-AA96-818432E02335}"
EndProject
Project("{8BC9CEB8-8B4A-11D0-8D11-00A0C91BC942}") = "Composite", "Composite\Composite.vcxproj", "{044C05CA-427A-4BA7-92F8-657618536996}"
EndProject
Project("{8BC9CEB8-8B4A-11D0-8D11-00A0C91BC942}") = "Decorator", "Decorator\Decorator.vcxproj", "{1A645CB7-C7B2-4449-B0BB-96F7FE456B28}"
EndProject
Project("{8BC9CEB8-8B4A-11D0-8D11-00A0C91BC942}") = "Facade", "Facade\Facade.vcxproj", "{36D7DB86-2773-45EF-A6DC-C80B88B8F451}"
EndProject
Project("{8BC9CEB8-8B4A-11D0-8D11-00A0C91BC942}") = "Flyweight", "Flyweight\Flyweight.vcxproj", "{F203A7ED-71E1-4E00-9069-B8E2A31921DA}"
EndProject
Project("{8BC9CEB8-8B4A-11D0-8D11-00A0C91BC942}") = "Proxy", "Proxy\Proxy.vcxproj", "{40620AE8-4856-4092-B47B-5FD6762A0AB7}"
EndProject
Project("{8BC9CEB8-8B4A-11D0-8D11-00A0C91BC942}") = "ChainOfResponsibility", "ChainOfResponsibility\ChainOfResponsibility.vcxproj", "{78A1ED72-C4EA-48FC-A701-75016A8AA6EB}"
EndProject
Project("{8BC9CEB8-8B4A-11D0-8D11-00A0C91BC942}") = "Command", "Command\Command.vcxproj", "{9906A00D-EBEA-4975-AAF3-1DAA18907DAA}"
EndProject
Project("{8BC9CEB8-8B4A-11D0-8D11-00A0C91BC942}") = "Interpreter", "Interpreter\Interpreter.vcxproj", "{5BF57122-78AB-4FEC-8F1D-579A0EBADD11}"
EndProject
Project("{8BC9CEB8-8B4A-11D0-8D11-00A0C91BC942}") = "Mediator", "Mediator\Mediator.vcxproj", "{13E9363C-7EFC-4E3B-AC15-2ED8E336A251}"
EndProject
Project("{8BC9CEB8-8B4A-11D0-8D11-00A0C91BC942}") = "Memento", "Memento\Memento.vcxproj", "{93D82691-34EA-496C-8C11-D813EAB4A3FE}"
EndProject
Project("{8BC9CEB8-8B4A-11D0-8D11-00A0C91BC942}") = "Observer", "Observer\Observer.vcxproj", "{0DFDA516-1664-4677-95C2-3A966DC627FF}"
EndProject
Project("{8BC9CEB8-8B4A-11D0-8D11-00A0C91BC942}") = "State", "State\State.vcxproj", "{4795090F-5771-493C-A12C-FDFAC1CCE2C1}"
EndProject
Project("{8BC9CEB8-8B4A-11D0-8D11-00A0C91BC942}") = "Strategy", "Strategy\Strategy.vcxproj", "{5DA1B7CF-10FA-4F00-B0B6-BAA2EE8CBEFB}"
EndProject
Project("{8BC9CEB8-8B4A-11D0-8D11-00A0C91BC942}") = "TemplateMethod", "TemplateMethod\TemplateMethod.vcxproj", "{52DCAC53-B030-4A5D-A463-459C2BD0D420}"
EndProject
Project("{8BC9CEB8-8B4A-11D0-8D11-00A0C91BC942}") = "Iterator", "Iterator\Iterator.vcxproj", "{697C2E3F-F285-491F-B87A-FEC1A462C639}"
EndProject
Global
	GlobalSection(SolutionConfigurationPlatforms) = preSolution
		Debug|x64 = Debug|x64
		Debug|x86 = Debug|x86
		Release|x64 = Release|x64
		Release|x86 = Release|x86
	EndGlobalSection
	GlobalSection(ProjectConfigurationPlatforms) = postSolution
		{1425B434-1735-4F55-B56D-3AFD4D7739F3}.Debug|x64.ActiveCfg = Debug|x64
		{1425B434-1735-4F55-B56D-3AFD4D7739F3}.Debug|x64.Build.0 = Debug|x64
		{1425B434-1735-4F55-B56D-3AFD4D7739F3}.Debug|x86.ActiveCfg = Debug|Win32
		{1425B434-1735-4F55-B56D-3AFD4D7739F3}.Debug|x86.Build.0 = Debug|Win32
		{1425B434-1735-4F55-B56D-3AFD4D7739F3}.Release|x64.ActiveCfg = Release|x64
		{1425B434-1735-4F55-B56D-3AFD4D7739F3}.Release|x64.Build.0 = Release|x64
		{1425B434-1735-4F55-B56D-3AFD4D7739F3}.Release|x86.ActiveCfg = Release|Win32
		{1425B434-1735-4F55-B56D-3AFD4D7739F3}.Release|x86.Build.0 = Release|Win32
		{6FD11046-9DFB-4687-A545-864FCEA56E05}.Debug|x64.ActiveCfg = Debug|x64
		{6FD11046-9DFB-4687-A545-864FCEA56E05}.Debug|x64.Build.0 = Debug|x64
		{6FD11046-9DFB-4687-A545-864FCEA56E05}.Debug|x86.ActiveCfg = Debug|Win32
		{6FD11046-9DFB-4687-A545-864FCEA56E05}.Debug|x86.Build.0 = Debug|Win32
		{6FD11046-9DFB-4687-A545-864FCEA56E05}.Release|x64.ActiveCfg = Release|x64
		{6FD11046-9DFB-4687-A545-864FCEA56E05}.Release|x64.Build.0 = Release|x64
		{6FD11046-9DFB-4687-A545-864FCEA56E05}.Release|x86.ActiveCfg = Release|Win32
		{6FD11046-9DFB-4687-A545-864FCEA56E05}.Release|x86.Build.0 = Release|Win32
		{15B28100-5718-4C64-A377-5D53E0F6114E}.Debug|x64.ActiveCfg = Debug|x64
		{15B28100-5718-4C64-A377-5D53E0F6114E}.Debug|x64.Build.0 = Debug|x64
		{15B28100-5718-4C64-A377-5D53E0F6114E}.Debug|x86.ActiveCfg = Debug|Win32
		{15B28100-5718-4C64-A377-5D53E0F6114E}.Debug|x86.Build.0 = Debug|Win32
		{15B28100-5718-4C64-A377-5D53E0F6114E}.Release|x64.ActiveCfg = Release|x64
		{15B28100-5718-4C64-A377-5D53E0F6114E}.Release|x64.Build.0 = Release|x64
		{15B28100-5718-4C64-A377-5D53E0F6114E}.Release|x86.ActiveCfg = Release|Win32
		{15B28100-5718-4C64-A377-5D53E0F6114E}.Release|x86.Build.0 = Release|Win32
		{0389C066-9FB2-4E2C-8654-196CA24D2F12}.Debug|x64.ActiveCfg = Debug|x64
		{0389C066-9FB2-4E2C-8654-196CA24D2F12}.Debug|x64.Build.0 = Debug|x64
		{0389C066-9FB2-4E2C-8654-196CA24D2F12}.Debug|x86.ActiveCfg = Debug|Win32
		{0389C066-9FB2-4E2C-8654-196CA24D2F12}.Debug|x86.Build.0 = Debug|Win32
		{0389C066-9FB2-4E2C-8654-196CA24D2F12}.Release|x64.ActiveCfg = Release|x64
		{0389C066-9FB2-4E2C-8654-196CA24D2F12}.Release|x64.Build.0 = Release|x64
		{0389C066-9FB2-4E2C-8654-196CA24D2F12}.Release|x86.ActiveCfg = Release|Win32
		{0389C066-9FB2-4E2C-8654-196CA24D2F12}.Release|x86.Build.0 = Release|Win32
		{864BC1A3-5E8A-4C5E-B81D-471AEA1F2290}.Debug|x64.ActiveCfg = Debug|x64
		{864BC1A3-5E8A-4C5E-B81D-471AEA1F2290}.Debug|x64.Build.0 = Debug|x64
		{864BC1A3-5E8A-4C5E-B81D-471AEA1F2290}.Debug|x86.ActiveCfg = Debug|Win32
		{864BC1A3-5E8A-4C5E-B81D-471AEA1F2290}.Debug|x86.Build.0 = Debug|Win32
		{864BC1A3-5E8A-4C5E-B81D-471AEA1F2290}.Release|x64.ActiveCfg = Release|x64
		{864BC1A3-5E8A-4C5E-B81D-471AEA1F2290}.Release|x64.Build.0 = Release|x64
		{864BC1A3-5E8A-4C5E-B81D-471AEA1F2290}.Release|x86.ActiveCfg = Release|Win32
		{864BC1A3-5E8A-4C5E-B81D-471AEA1F2290}.Release|x86.Build.0 = Release|Win32
		{28823FFA-8429-4EC0-AC06-D79E2822240C}.Debug|x64.ActiveCfg = Debug|x64
		{28823FFA-8429-4EC0-AC06-D79E2822240C}.Debug|x64.Build.0 = Debug|x64
		{28823FFA-8429-4EC0-AC06-D79E2822240C}.Debug|x86.ActiveCfg = Debug|Win32
		{28823FFA-8429-4EC0-AC06-D79E2822240C}.Debug|x86.Build.0 = Debug|Win32
		{28823FFA-8429-4EC0-AC06-D79E2822240C}.Release|x64.ActiveCfg = Release|x64
		{28823FFA-8429-4EC0-AC06-D79E2822240C}.Release|x64.Build.0 = Release|x64
		{28823FFA-8429-4EC0-AC06-D79E2822240C}.Release|x86.ActiveCfg = Release|Win32
		{28823FFA-8429-4EC0-AC06-D79E2822240C}.Release|x86.Build.0 = Release|Win32
		{4DDD87CC-FCD5-42BF-AE8D-853A26ABD85E}.Debug|x64.ActiveCfg = Debug|x64
		{4DDD87CC-FCD5-42BF-AE8D-853A26ABD85E}.Debug|x64.Build.0 = Debug|x64
		{4DDD87CC-FCD5-42BF-AE8D-853A26ABD85E}.Debug|x86.ActiveCfg = Debug|Win32
		{4DDD87CC-FCD5-42BF-AE8D-853A26ABD85E}.Debug|x86.Build.0 = Debug|Win32
		{4DDD87CC-FCD5-42BF-AE8D-853A26ABD85E}.Release|x64.ActiveCfg = Release|x64
		{4DDD87CC-FCD5-42BF-AE8D-853A26ABD85E}.Release|x64.Build.0 = Release|x64
		{4DDD87CC-FCD5-42BF-AE8D-853A26ABD85E}.Release|x86.ActiveCfg = Release|Win32
		{4DDD87CC-FCD5-42BF-AE8D-853A26ABD85E}.Release|x86.Build.0 = Release|Win32
		{4310EF37-B867-4947-AA96-818432E02335}.Debug|x64.ActiveCfg = Debug|x64
		{4310EF37-B867-4947-AA96-818432E02335}.Debug|x64.Build.0 = Debug|x64
		{4310EF37-B867-4947-AA96-818432E02335}.Debug|x86.ActiveCfg = Debug|Win32
		{4310EF37-B867-4947-AA96-818432E02335}.Debug|x86.Build.0 = Debug|Win32
		{4310EF37-B867-4947-AA96-818432E02335}.Release|x64.ActiveCfg = Release|x64
		{4310EF37-B867-4947-AA96-818432E02335}.Release|x64.Build.0 = Release|x64
		{4310EF37-B867-4947-AA96-818432E02335}.Release|x86.ActiveCfg = Release|Win32
		{4310EF37-B867-4947-AA96-818432E02335}.Release|x86.Build.0 = Release|Win32
		{044C05CA-427A-4BA7-92F8-657618536996}.Debug|x64.ActiveCfg = Debug|x64
		{044C05CA-427A-4BA7-92F8-657618536996}.Debug|x64.Build.0 = Debug|x64
		{044C05CA-427A-4BA7-92F8-657618536996}.Debug|x86.ActiveCfg = Debug|Win32
		{044C05CA-427A-4BA7-92F8-657618536996}.Debug|x86.Build.0 = Debug|Win32
		{044C05CA-427A-4BA7-92F8-657618536996}.Release|x64.ActiveCfg = Release|x64
		{044C05CA-427A-4BA7-92F8-657618536996}.Release|x64.Build.0 = Release|x64
		{044C05CA-427A-4BA7-92F8-657618536996}.Release|x86.ActiveCfg = Release|Win32
		{044C05CA-427A-4BA7-92F8-657618536996}.Release|x86.Build.0 = Release|Win32
		{1A645CB7-C7B2-4449-B0BB-96F7FE456B28}.Debug|x64.ActiveCfg = Debug|x64
		{1A645CB7-C7B2-4449-B0BB-96F7FE456B28}.Debug|x64.Build.0 = Debug|x64
		{1A645CB7-C7B2-4449-B0BB-96F7FE456B28}.Debug|x86.ActiveCfg = Debug|Win32
		{1A645CB7-C7B2-4449-B0BB-96F7FE456B28}.Debug|x86.Build.0 = Debug|Win32
		{1A645CB7-C7B2-4449-B0BB-96F7FE456B28}.Release|x64.ActiveCfg = Release|x64
		{1A645CB7-C7B2-4449-B0BB-96F7FE456B28}.Release|x64.Build.0 = Release|x64
		{1A645CB7-C7B2-4449-B0BB-96F7FE456B28}.Release|x86.ActiveCfg = Release|Win32
		{1A645CB7-C7B2-4449-B0BB-96F7FE456B28}.Release|x86.Build.0 = Release|Win32
		{36D7DB86-2773-45EF-A6DC-C80B88B8F451}.Debug|x64.ActiveCfg = Debug|x64
		{36D7DB86-2773-45EF-A6DC-C80B88B8F451}.Debug|x64.Build.0 = Debug|x64
		{36D7DB86-2773-45EF-A6DC-C80B88B8F451}.Debug|x86.ActiveCfg = Debug|Win32
		{36D7DB86-2773-45EF-A6DC-C80B88B8F451}.Debug|x86.Build.0 = Debug|Win32
		{36D7DB86-2773-45EF-A6DC-C80B88B8F451}.Release|x64.ActiveCfg = Release|x64
		{36D7DB86-2773-45EF-A6DC-C80B88B8F451}.Release|x64.Build.0 = Release|x64
		{36D7DB86-2773-45EF-A6DC-C80B88B8F451}.Release|x86.ActiveCfg = Release|Win32
		{36D7DB86-2773-45EF-A6DC-C80B88B8F451}.Release|x86.Build.0 = Release|Win32
		{F203A7ED-71E1-4E00-9069-B8E2A31921DA}.Debug|x64.ActiveCfg = Debug|x64
		{F203A7ED-71E1-4E00-9069-B8E2A31921DA}.Debug|x64.Build.0 = Debug|x64
		{F203A7ED-71E1-4E00-9069-B8E2A31921DA}.Debug|x86.ActiveCfg = Debug|Win32
		{F203A7ED-71E1-4E00-9069-B8E2A31921DA}.Debug|x86.Build.0 = Debug|Win32
		{F203A7ED-71E1-4E00-9069-B8E2A31921DA}.Release|x64.ActiveCfg = Release|x64
		{F203A7ED-71E1-4E00-9069-B8E2A31921DA}.Release|x64.Build.0 = Release|x64
		{F203A7ED-71E1-4E00-9069-B8E2A31921DA}.Release|x86.ActiveCfg = Release|Win32
		{F203A7ED-71E1-4E00-9069-B8E2A31921DA}.Release|x86.Build.0 = Release|Win32
		{40620AE8-4856-4092-B47B-5FD6762A0AB7}.Debug|x64.ActiveCfg = Debug|x64
		{40620AE8-4856-4092-B47B-5FD6762A0AB7}.Debug|x64.Build.0 = Debug|x64
		{40620AE8-4856-4092-B47B-5FD6762A0AB7}.Debug|x86.ActiveCfg = Debug|Win32
		{40620AE8-4856-4092-B47B-5FD6762A0AB7}.Debug|x86.Build.0 = Debug|Win32
		{40620AE8-4856-4092-B47B-5FD6762A0AB7}.Release|x64.ActiveCfg = Release|x64
		{40620AE8-4856-4092-B47B-5FD6762A0AB7}.Release|x64.Build.0 = Release|x64
		{40620AE8-4856-4092-B47B-5FD6762A0AB7}.Release|x86.ActiveCfg = Release|Win32
		{40620AE8-4856-4092-B47B-5FD6762A0AB7}.Release|x86.Build.0 = Release|Win32
		{78A1ED72-C4EA-48FC-A701-75016A8AA6EB}.Debug|x64.ActiveCfg = Debug|x64
		{78A1ED72-C4EA-48FC-A701-75016A8AA6EB}.Debug|x64.Build.0 = Debug|x64
		{78A1ED72-C4EA-48FC-A701-75016A8AA6EB}.Debug|x86.ActiveCfg = Debug|Win32
		{78A1ED72-C4EA-48FC-A701-75016A8AA6EB}.Debug|x86.Build.0 = Debug|Win32
		{78A1ED72-C4EA-48FC-A701-75016A8AA6EB}.Release|x64.ActiveCfg = Release|x64
		{78A1ED72-C4EA-48FC-A701-75016A8AA6EB}.Release|x64.Build.0 = Release|x64
		{78A1ED72-C4EA-48FC-A701-75016A8AA6EB}.Release|x86.ActiveCfg = Release|Win32
		{78A1ED72-C4EA-48FC-A701-75016A8AA6EB}.Release|x86.Build.0 = Release|Win32
		{9906A00D-EBEA-4975-AAF3-1DAA18907DAA}.Debug|x64.ActiveCfg = Debug|x64
		{9906A00D-EBEA-4975-AAF3-1DAA18907DAA}.Debug|x64.Build.0 = Debug|x64
		{9906A00D-EBEA-4975-AAF3-1DAA18907DAA}.Debug|x86.ActiveCfg = Debug|Win32
		{9906A00D-EBEA-4975-AAF3-1DAA18907DAA}.Debug|x86.Build.0 = Debug|Win32
		{9906A00D-EBEA-4975-AAF3-1DAA18907DAA}.Release|x64.ActiveCfg = Release|x64
		{9906A00D-EBEA-4975-AAF3-1DAA18907DAA}.Release|x64.Build.0 = Release|x64
		{9906A00D-EBEA-4975-AAF3-1DAA18907DAA}.Release|x86.ActiveCfg = Release|Win32
		{9906A00D-EBEA-4975-AAF3-1DAA18907DAA}.Release|x86.Build.0 = Release|Win32
		{5BF57122-78AB-4FEC-8F1D-579A0EBADD11}.Debug|x64.ActiveCfg = Debug|x64
		{5BF57122-78AB-4FEC-8F1D-579A0EBADD11}.Debug|x64.Build.0 = Debug|x64
		{5BF57122-78AB-4FEC-8F1D-579A0EBADD11}.Debug|x86.ActiveCfg = Debug|Win32
		{5BF57122-78AB-4FEC-8F1D-579A0EBADD11}.Debug|x86.Build.0 = Debug|Win32
		{5BF57122-78AB-4FEC-8F1D-579A0EBADD11}.Release|x64.ActiveCfg = Release|x64
		{5BF57122-78AB-4FEC-8F1D-579A0EBADD11}.Release|x64.Build.0 = Release|x64
		{5BF57122-78AB-4FEC-8F1D-579A0EBADD11}.Release|x86.ActiveCfg = Release|Win32
		{5BF57122-78AB-4FEC-8F1D-579A0EBADD11}.Release|x86.Build.0 = Release|Win32
		{13E9363C-7EFC-4E3B-AC15-2ED8E336A251}.Debug|x64.ActiveCfg = Debug|x64
		{13E9363C-7EFC-4E3B-AC15-2ED8E336A251}.Debug|x64.Build.0 = Debug|x64
		{13E9363C-7EFC-4E3B-AC15-2ED8E336A251}.Debug|x86.ActiveCfg = Debug|Win32
		{13E9363C-7EFC-4E3B-AC15-2ED8E336A251}.Debug|x86.Build.0 = Debug|Win32
		{13E9363C-7EFC-4E3B-AC15-2ED8E336A251}.Release|x64.ActiveCfg = Release|x64
		{13E9363C-7EFC-4E3B-AC15-2ED8E336A251}.Release|x64.Build.0 = Release|x64
		{13E9363C-7EFC-4E3B-AC15-2ED8E336A251}.Release|x86.ActiveCfg = Release|Win32
		{13E9363C-7EFC-4E3B-AC15-2ED8E336A251}.Release|x86.Build.0 = Release|Win32
		{93D82691-34EA-496C-8C11-D813EAB4A3FE}.Debug|x64.ActiveCfg = Debug|x64
		{93D82691-34EA-496C-8C11-D813EAB4A3FE}.Debug|x64.Build.0 = Debug|x64
		{93D82691-34EA-496C-8C11-D813EAB4A3FE}.Debug|x86.ActiveCfg = Debug|Win32
		{93D82691-34EA-496C-8C11-D813EAB4A3FE}.Debug|x86.Build.0 = Debug|Win32
		{93D82691-34EA-496C-8C11-D813EAB4A3FE}.Release|x64.ActiveCfg = Release|x64
		{93D82691-34EA-496C-8C11-D813EAB4A3FE}.Release|x64.Build.0 = Release|x64
		{93D82691-34EA-496C-8C11-D813EAB4A3FE}.Release|x86.ActiveCfg = Release|Win32
		{93D82691-34EA-496C-8C11-D813EAB4A3FE}.Release|x86.Build.0 = Release|Win32
		{0DFDA516-1664-4677-95C2-3A966DC627FF}.Debug|x64.ActiveCfg = Debug|x64
		{0DFDA516-1664-4677-95C2-3A966DC627FF}.Debug|x64.Build.0 = Debug|x64
		{0DFDA516-1664-4677-95C2-3A966DC627FF}.Debug|x86.ActiveCfg = Debug|Win32
		{0DFDA516-1664-4677-95C2-3A966DC627FF}.Debug|x86.Build.0 = Debug|Win32
		{0DFDA516-1664-4677-95C2-3A966DC627FF}.Release|x64.ActiveCfg = Release|x64
		{0DFDA516-1664-4677-95C2-3A966DC627FF}.Release|x64.Build.0 = Release|x64
		{0DFDA516-1664-4677-95C2-3A966DC627FF}.Release|x86.ActiveCfg = Release|Win32
		{0DFDA516-1664-4677-95C2-3A966DC627FF}.Release|x86.Build.0 = Release|Win32
		{4795090F-5771-493C-A12C-FDFAC1CCE2C1}.Debug|x64.ActiveCfg = Debug|x64
		{4795090F-5771-493C-A12C-FDFAC1CCE2C1}.Debug|x64.Build.0 = Debug|x64
		{4795090F-5771-493C-A12C-FDFAC1CCE2C1}.Debug|x86.ActiveCfg = Debug|Win32
		{4795090F-5771-493C-A12C-FDFAC1CCE2C1}.Debug|x86.Build.0 = Debug|Win32
		{4795090F-5771-493C-A12C-FDFAC1CCE2C1}.Release|x64.ActiveCfg = Release|x64
		{4795090F-5771-493C-A12C-FDFAC1CCE2C1}.Release|x64.Build.0 = Release|x64
		{4795090F-5771-493C-A12C-FDFAC1CCE2C1}.Release|x86.ActiveCfg = Release|Win32
		{4795090F-5771-493C-A12C-FDFAC1CCE2C1}.Release|x86.Build.0 = Release|Win32
		{5DA1B7CF-10FA-4F00-B0B6-BAA2EE8CBEFB}.Debug|x64.ActiveCfg = Debug|x64
		{5DA1B7CF-10FA-4F00-B0B6-BAA2EE8CBEFB}.Debug|x64.Build.0 = Debug|x64
		{5DA1B7CF-10FA-4F00-B0B6-BAA2EE8CBEFB}.Debug|x86.ActiveCfg = Debug|Win32
		{5DA1B7CF-10FA-4F00-B0B6-BAA2EE8CBEFB}.Debug|x86.Build.0 = Debug|Win32
		{5DA1B7CF-10FA-4F00-B0B6-BAA2EE8CBEFB}.Release|x64.ActiveCfg = Release|x64
		{5DA1B7CF-10FA-4F00-B0B6-BAA2EE8CBEFB}.Release|x64.Build.0 = Release|x64
		{5DA1B7CF-10FA-4F00-B0B6-BAA2EE8CBEFB}.Release|x86.ActiveCfg = Release|Win32
		{5DA1B7CF-10FA-4F00-B0B6-BAA2EE8CBEFB}.Release|x86.Build.0 = Release|Win32
		{52DCAC53-B030-4A5D-A463-459C2BD0D420}.Debug|x64.ActiveCfg = Debug|x64
		{52DCAC53-B030-4A5D-A463-459C2BD0D420}.Debug|x64.Build.0 = Debug|x64
		{52DCAC53-B030-4A5D-A463-459C2BD0D420}.Debug|x86.ActiveCfg = Debug|Win32
		{52DCAC53-B030-4A5D-A463-459C2BD0D420}.Debug|x86.Build.0 = Debug|Win32
		{52DCAC53-B030-4A5D-A463-459C2BD0D420}.Release|x64.ActiveCfg = Release|x64
		{52DCAC53-B030-4A5D-A463-459C2BD0D420}.Release|x64.Build.0 = Release|x64
		{52DCAC53-B030-4A5D-A463-459C2BD0D420}.Release|x86.ActiveCfg = Release|Win32
		{52DCAC53-B030-4A5D-A463-459C2BD0D420}.Release|x86.Build.0 = Release|Win32
		{697C2E3F-F285-491F-B87A-FEC1A462C639}.Debug|x64.ActiveCfg = Debug|x64
		{697C2E3F-F285-491F-B87A-FEC1A462C639}.Debug|x64.Build.0 = Debug|x64
		{697C2E3F-F285-491F-B87A-FEC1A462C639}.Debug|x86.ActiveCfg = Debug|Win32
		{697C2E3F-F285-491F-B87A-FEC1A462C639}.Debug|x86.Build.0 = Debug|Win32
		{697C2E3F-F285-491F-B87A-FEC1A462C639}.Release|x64.ActiveCfg = Release|x64
		{697C2E3F-F285-491F-B87A-FEC1A462C639}.Release|x64.Build.0 = Release|x64
		{697C2E3F-F285-491F-B87A-FEC1A462C639}.Release|x86.ActiveCfg = Release|Win32
		{697C2E3F-F285-491F-B87A-FEC1A462C639}.Release|x86.Build.0 = Release|Win32
	EndGlobalSection
	GlobalSection(SolutionProperties) = preSolution
		HideSolutionNode = FALSE
	EndGlobalSection
EndGlobal
